// !$*UTF8*$!
{
	archiveVersion = 1;
	classes = {
	};
	objectVersion = 50;
	objects = {

/* Begin PBXBuildFile section */
		2A146DC32639FACD0013A244 /* AppDelegate.swift in Sources */ = {isa = PBXBuildFile; fileRef = 2A146DC22639FACD0013A244 /* AppDelegate.swift */; };
		2A146DC52639FACD0013A244 /* SceneDelegate.swift in Sources */ = {isa = PBXBuildFile; fileRef = 2A146DC42639FACD0013A244 /* SceneDelegate.swift */; };
		2A146DC72639FACD0013A244 /* ViewController.swift in Sources */ = {isa = PBXBuildFile; fileRef = 2A146DC62639FACD0013A244 /* ViewController.swift */; };
		2A146DCA2639FACD0013A244 /* Main.storyboard in Resources */ = {isa = PBXBuildFile; fileRef = 2A146DC82639FACD0013A244 /* Main.storyboard */; };
		2A146DCC2639FACE0013A244 /* Assets.xcassets in Resources */ = {isa = PBXBuildFile; fileRef = 2A146DCB2639FACE0013A244 /* Assets.xcassets */; };
		2A146DCF2639FACE0013A244 /* LaunchScreen.storyboard in Resources */ = {isa = PBXBuildFile; fileRef = 2A146DCD2639FACE0013A244 /* LaunchScreen.storyboard */; };
		2A146DDA2639FACE0013A244 /* buttons2Tests.swift in Sources */ = {isa = PBXBuildFile; fileRef = 2A146DD92639FACE0013A244 /* buttons2Tests.swift */; };
		2A146DE52639FACE0013A244 /* buttons2UITests.swift in Sources */ = {isa = PBXBuildFile; fileRef = 2A146DE42639FACE0013A244 /* buttons2UITests.swift */; };
/* End PBXBuildFile section */

/* Begin PBXContainerItemProxy section */
		2A146DD62639FACE0013A244 /* PBXContainerItemProxy */ = {
			isa = PBXContainerItemProxy;
			containerPortal = 2A146DB72639FACD0013A244 /* Project object */;
			proxyType = 1;
			remoteGlobalIDString = 2A146DBE2639FACD0013A244;
			remoteInfo = buttons2;
		};
		2A146DE12639FACE0013A244 /* PBXContainerItemProxy */ = {
			isa = PBXContainerItemProxy;
			containerPortal = 2A146DB72639FACD0013A244 /* Project object */;
			proxyType = 1;
			remoteGlobalIDString = 2A146DBE2639FACD0013A244;
			remoteInfo = buttons2;
		};
/* End PBXContainerItemProxy section */

/* Begin PBXFileReference section */
		2A146DBF2639FACD0013A244 /* buttons2.app */ = {isa = PBXFileReference; explicitFileType = wrapper.application; includeInIndex = 0; path = buttons2.app; sourceTree = BUILT_PRODUCTS_DIR; };
		2A146DC22639FACD0013A244 /* AppDelegate.swift */ = {isa = PBXFileReference; lastKnownFileType = sourcecode.swift; path = AppDelegate.swift; sourceTree = "<group>"; };
		2A146DC42639FACD0013A244 /* SceneDelegate.swift */ = {isa = PBXFileReference; lastKnownFileType = sourcecode.swift; path = SceneDelegate.swift; sourceTree = "<group>"; };
		2A146DC62639FACD0013A244 /* ViewController.swift */ = {isa = PBXFileReference; lastKnownFileType = sourcecode.swift; path = ViewController.swift; sourceTree = "<group>"; };
		2A146DC92639FACD0013A244 /* Base */ = {isa = PBXFileReference; lastKnownFileType = file.storyboard; name = Base; path = Base.lproj/Main.storyboard; sourceTree = "<group>"; };
		2A146DCB2639FACE0013A244 /* Assets.xcassets */ = {isa = PBXFileReference; lastKnownFileType = folder.assetcatalog; path = Assets.xcassets; sourceTree = "<group>"; };
		2A146DCE2639FACE0013A244 /* Base */ = {isa = PBXFileReference; lastKnownFileType = file.storyboard; name = Base; path = Base.lproj/LaunchScreen.storyboard; sourceTree = "<group>"; };
		2A146DD02639FACE0013A244 /* Info.plist */ = {isa = PBXFileReference; lastKnownFileType = text.plist.xml; path = Info.plist; sourceTree = "<group>"; };
		2A146DD52639FACE0013A244 /* buttons2Tests.xctest */ = {isa = PBXFileReference; explicitFileType = wrapper.cfbundle; includeInIndex = 0; path = buttons2Tests.xctest; sourceTree = BUILT_PRODUCTS_DIR; };
		2A146DD92639FACE0013A244 /* buttons2Tests.swift */ = {isa = PBXFileReference; lastKnownFileType = sourcecode.swift; path = buttons2Tests.swift; sourceTree = "<group>"; };
		2A146DDB2639FACE0013A244 /* Info.plist */ = {isa = PBXFileReference; lastKnownFileType = text.plist.xml; path = Info.plist; sourceTree = "<group>"; };
		2A146DE02639FACE0013A244 /* buttons2UITests.xctest */ = {isa = PBXFileReference; explicitFileType = wrapper.cfbundle; includeInIndex = 0; path = buttons2UITests.xctest; sourceTree = BUILT_PRODUCTS_DIR; };
		2A146DE42639FACE0013A244 /* buttons2UITests.swift */ = {isa = PBXFileReference; lastKnownFileType = sourcecode.swift; path = buttons2UITests.swift; sourceTree = "<group>"; };
		2A146DE62639FACE0013A244 /* Info.plist */ = {isa = PBXFileReference; lastKnownFileType = text.plist.xml; path = Info.plist; sourceTree = "<group>"; };
/* End PBXFileReference section */

/* Begin PBXFrameworksBuildPhase section */
		2A146DBC2639FACD0013A244 /* Frameworks */ = {
			isa = PBXFrameworksBuildPhase;
			buildActionMask = 2147483647;
			files = (
			);
			runOnlyForDeploymentPostprocessing = 0;
		};
		2A146DD22639FACE0013A244 /* Frameworks */ = {
			isa = PBXFrameworksBuildPhase;
			buildActionMask = 2147483647;
			files = (
			);
			runOnlyForDeploymentPostprocessing = 0;
		};
		2A146DDD2639FACE0013A244 /* Frameworks */ = {
			isa = PBXFrameworksBuildPhase;
			buildActionMask = 2147483647;
			files = (
			);
			runOnlyForDeploymentPostprocessing = 0;
		};
/* End PBXFrameworksBuildPhase section */

/* Begin PBXGroup section */
		2A146DB62639FACD0013A244 = {
			isa = PBXGroup;
			children = (
				2A146DC12639FACD0013A244 /* buttons2 */,
				2A146DD82639FACE0013A244 /* buttons2Tests */,
				2A146DE32639FACE0013A244 /* buttons2UITests */,
				2A146DC02639FACD0013A244 /* Products */,
			);
			sourceTree = "<group>";
		};
		2A146DC02639FACD0013A244 /* Products */ = {
			isa = PBXGroup;
			children = (
				2A146DBF2639FACD0013A244 /* buttons2.app */,
				2A146DD52639FACE0013A244 /* buttons2Tests.xctest */,
				2A146DE02639FACE0013A244 /* buttons2UITests.xctest */,
			);
			name = Products;
			sourceTree = "<group>";
		};
		2A146DC12639FACD0013A244 /* buttons2 */ = {
			isa = PBXGroup;
			children = (
				2A146DC22639FACD0013A244 /* AppDelegate.swift */,
				2A146DC42639FACD0013A244 /* SceneDelegate.swift */,
				2A146DC62639FACD0013A244 /* ViewController.swift */,
				2A146DC82639FACD0013A244 /* Main.storyboard */,
				2A146DCB2639FACE0013A244 /* Assets.xcassets */,
				2A146DCD2639FACE0013A244 /* LaunchScreen.storyboard */,
				2A146DD02639FACE0013A244 /* Info.plist */,
			);
			path = buttons2;
			sourceTree = "<group>";
		};
		2A146DD82639FACE0013A244 /* buttons2Tests */ = {
			isa = PBXGroup;
			children = (
				2A146DD92639FACE0013A244 /* buttons2Tests.swift */,
				2A146DDB2639FACE0013A244 /* Info.plist */,
			);
			path = buttons2Tests;
			sourceTree = "<group>";
		};
		2A146DE32639FACE0013A244 /* buttons2UITests */ = {
			isa = PBXGroup;
			children = (
				2A146DE42639FACE0013A244 /* buttons2UITests.swift */,
				2A146DE62639FACE0013A244 /* Info.plist */,
			);
			path = buttons2UITests;
			sourceTree = "<group>";
		};
/* End PBXGroup section */

/* Begin PBXNativeTarget section */
		2A146DBE2639FACD0013A244 /* buttons2 */ = {
			isa = PBXNativeTarget;
			buildConfigurationList = 2A146DE92639FACE0013A244 /* Build configuration list for PBXNativeTarget "buttons2" */;
			buildPhases = (
				2A146DBB2639FACD0013A244 /* Sources */,
				2A146DBC2639FACD0013A244 /* Frameworks */,
				2A146DBD2639FACD0013A244 /* Resources */,
			);
			buildRules = (
			);
			dependencies = (
			);
			name = buttons2;
			productName = buttons2;
			productReference = 2A146DBF2639FACD0013A244 /* buttons2.app */;
			productType = "com.apple.product-type.application";
		};
		2A146DD42639FACE0013A244 /* buttons2Tests */ = {
			isa = PBXNativeTarget;
			buildConfigurationList = 2A146DEC2639FACE0013A244 /* Build configuration list for PBXNativeTarget "buttons2Tests" */;
			buildPhases = (
				2A146DD12639FACE0013A244 /* Sources */,
				2A146DD22639FACE0013A244 /* Frameworks */,
				2A146DD32639FACE0013A244 /* Resources */,
			);
			buildRules = (
			);
			dependencies = (
				2A146DD72639FACE0013A244 /* PBXTargetDependency */,
			);
			name = buttons2Tests;
			productName = buttons2Tests;
			productReference = 2A146DD52639FACE0013A244 /* buttons2Tests.xctest */;
			productType = "com.apple.product-type.bundle.unit-test";
		};
		2A146DDF2639FACE0013A244 /* buttons2UITests */ = {
			isa = PBXNativeTarget;
			buildConfigurationList = 2A146DEF2639FACE0013A244 /* Build configuration list for PBXNativeTarget "buttons2UITests" */;
			buildPhases = (
				2A146DDC2639FACE0013A244 /* Sources */,
				2A146DDD2639FACE0013A244 /* Frameworks */,
				2A146DDE2639FACE0013A244 /* Resources */,
			);
			buildRules = (
			);
			dependencies = (
				2A146DE22639FACE0013A244 /* PBXTargetDependency */,
			);
			name = buttons2UITests;
			productName = buttons2UITests;
			productReference = 2A146DE02639FACE0013A244 /* buttons2UITests.xctest */;
			productType = "com.apple.product-type.bundle.ui-testing";
		};
/* End PBXNativeTarget section */

/* Begin PBXProject section */
		2A146DB72639FACD0013A244 /* Project object */ = {
			isa = PBXProject;
			attributes = {
				LastSwiftUpdateCheck = 1240;
				LastUpgradeCheck = 1240;
				TargetAttributes = {
					2A146DBE2639FACD0013A244 = {
						CreatedOnToolsVersion = 12.4;
					};
					2A146DD42639FACE0013A244 = {
						CreatedOnToolsVersion = 12.4;
						TestTargetID = 2A146DBE2639FACD0013A244;
					};
					2A146DDF2639FACE0013A244 = {
						CreatedOnToolsVersion = 12.4;
						TestTargetID = 2A146DBE2639FACD0013A244;
					};
				};
			};
			buildConfigurationList = 2A146DBA2639FACD0013A244 /* Build configuration list for PBXProject "buttons2" */;
			compatibilityVersion = "Xcode 9.3";
			developmentRegion = en;
			hasScannedForEncodings = 0;
			knownRegions = (
				en,
				Base,
			);
			mainGroup = 2A146DB62639FACD0013A244;
			productRefGroup = 2A146DC02639FACD0013A244 /* Products */;
			projectDirPath = "";
			projectRoot = "";
			targets = (
				2A146DBE2639FACD0013A244 /* buttons2 */,
				2A146DD42639FACE0013A244 /* buttons2Tests */,
				2A146DDF2639FACE0013A244 /* buttons2UITests */,
			);
		};
/* End PBXProject section */

/* Begin PBXResourcesBuildPhase section */
		2A146DBD2639FACD0013A244 /* Resources */ = {
			isa = PBXResourcesBuildPhase;
			buildActionMask = 2147483647;
			files = (
				2A146DCF2639FACE0013A244 /* LaunchScreen.storyboard in Resources */,
				2A146DCC2639FACE0013A244 /* Assets.xcassets in Resources */,
				2A146DCA2639FACD0013A244 /* Main.storyboard in Resources */,
			);
			runOnlyForDeploymentPostprocessing = 0;
		};
		2A146DD32639FACE0013A244 /* Resources */ = {
			isa = PBXResourcesBuildPhase;
			buildActionMask = 2147483647;
			files = (
			);
			runOnlyForDeploymentPostprocessing = 0;
		};
		2A146DDE2639FACE0013A244 /* Resources */ = {
			isa = PBXResourcesBuildPhase;
			buildActionMask = 2147483647;
			files = (
			);
			runOnlyForDeploymentPostprocessing = 0;
		};
/* End PBXResourcesBuildPhase section */

/* Begin PBXSourcesBuildPhase section */
		2A146DBB2639FACD0013A244 /* Sources */ = {
			isa = PBXSourcesBuildPhase;
			buildActionMask = 2147483647;
			files = (
				2A146DC72639FACD0013A244 /* ViewController.swift in Sources */,
				2A146DC32639FACD0013A244 /* AppDelegate.swift in Sources */,
				2A146DC52639FACD0013A244 /* SceneDelegate.swift in Sources */,
			);
			runOnlyForDeploymentPostprocessing = 0;
		};
		2A146DD12639FACE0013A244 /* Sources */ = {
			isa = PBXSourcesBuildPhase;
			buildActionMask = 2147483647;
			files = (
				2A146DDA2639FACE0013A244 /* buttons2Tests.swift in Sources */,
			);
			runOnlyForDeploymentPostprocessing = 0;
		};
		2A146DDC2639FACE0013A244 /* Sources */ = {
			isa = PBXSourcesBuildPhase;
			buildActionMask = 2147483647;
			files = (
				2A146DE52639FACE0013A244 /* buttons2UITests.swift in Sources */,
			);
			runOnlyForDeploymentPostprocessing = 0;
		};
/* End PBXSourcesBuildPhase section */

/* Begin PBXTargetDependency section */
		2A146DD72639FACE0013A244 /* PBXTargetDependency */ = {
			isa = PBXTargetDependency;
			target = 2A146DBE2639FACD0013A244 /* buttons2 */;
			targetProxy = 2A146DD62639FACE0013A244 /* PBXContainerItemProxy */;
		};
		2A146DE22639FACE0013A244 /* PBXTargetDependency */ = {
			isa = PBXTargetDependency;
			target = 2A146DBE2639FACD0013A244 /* buttons2 */;
			targetProxy = 2A146DE12639FACE0013A244 /* PBXContainerItemProxy */;
		};
/* End PBXTargetDependency section */

/* Begin PBXVariantGroup section */
		2A146DC82639FACD0013A244 /* Main.storyboard */ = {
			isa = PBXVariantGroup;
			children = (
				2A146DC92639FACD0013A244 /* Base */,
			);
			name = Main.storyboard;
			sourceTree = "<group>";
		};
		2A146DCD2639FACE0013A244 /* LaunchScreen.storyboard */ = {
			isa = PBXVariantGroup;
			children = (
				2A146DCE2639FACE0013A244 /* Base */,
			);
			name = LaunchScreen.storyboard;
			sourceTree = "<group>";
		};
/* End PBXVariantGroup section */

/* Begin XCBuildConfiguration section */
		2A146DE72639FACE0013A244 /* Debug */ = {
			isa = XCBuildConfiguration;
			buildSettings = {
				ALWAYS_SEARCH_USER_PATHS = NO;
				CLANG_ANALYZER_NONNULL = YES;
				CLANG_ANALYZER_NUMBER_OBJECT_CONVERSION = YES_AGGRESSIVE;
				CLANG_CXX_LANGUAGE_STANDARD = "gnu++14";
				CLANG_CXX_LIBRARY = "libc++";
				CLANG_ENABLE_MODULES = YES;
				CLANG_ENABLE_OBJC_ARC = YES;
				CLANG_ENABLE_OBJC_WEAK = YES;
				CLANG_WARN_BLOCK_CAPTURE_AUTORELEASING = YES;
				CLANG_WARN_BOOL_CONVERSION = YES;
				CLANG_WARN_COMMA = YES;
				CLANG_WARN_CONSTANT_CONVERSION = YES;
				CLANG_WARN_DEPRECATED_OBJC_IMPLEMENTATIONS = YES;
				CLANG_WARN_DIRECT_OBJC_ISA_USAGE = YES_ERROR;
				CLANG_WARN_DOCUMENTATION_COMMENTS = YES;
				CLANG_WARN_EMPTY_BODY = YES;
				CLANG_WARN_ENUM_CONVERSION = YES;
				CLANG_WARN_INFINITE_RECURSION = YES;
				CLANG_WARN_INT_CONVERSION = YES;
				CLANG_WARN_NON_LITERAL_NULL_CONVERSION = YES;
				CLANG_WARN_OBJC_IMPLICIT_RETAIN_SELF = YES;
				CLANG_WARN_OBJC_LITERAL_CONVERSION = YES;
				CLANG_WARN_OBJC_ROOT_CLASS = YES_ERROR;
				CLANG_WARN_QUOTED_INCLUDE_IN_FRAMEWORK_HEADER = YES;
				CLANG_WARN_RANGE_LOOP_ANALYSIS = YES;
				CLANG_WARN_STRICT_PROTOTYPES = YES;
				CLANG_WARN_SUSPICIOUS_MOVE = YES;
				CLANG_WARN_UNGUARDED_AVAILABILITY = YES_AGGRESSIVE;
				CLANG_WARN_UNREACHABLE_CODE = YES;
				CLANG_WARN__DUPLICATE_METHOD_MATCH = YES;
				COPY_PHASE_STRIP = NO;
				DEBUG_INFORMATION_FORMAT = dwarf;
				ENABLE_STRICT_OBJC_MSGSEND = YES;
				ENABLE_TESTABILITY = YES;
				GCC_C_LANGUAGE_STANDARD = gnu11;
				GCC_DYNAMIC_NO_PIC = NO;
				GCC_NO_COMMON_BLOCKS = YES;
				GCC_OPTIMIZATION_LEVEL = 0;
				GCC_PREPROCESSOR_DEFINITIONS = (
					"DEBUG=1",
					"$(inherited)",
				);
				GCC_WARN_64_TO_32_BIT_CONVERSION = YES;
				GCC_WARN_ABOUT_RETURN_TYPE = YES_ERROR;
				GCC_WARN_UNDECLARED_SELECTOR = YES;
				GCC_WARN_UNINITIALIZED_AUTOS = YES_AGGRESSIVE;
				GCC_WARN_UNUSED_FUNCTION = YES;
				GCC_WARN_UNUSED_VARIABLE = YES;
				IPHONEOS_DEPLOYMENT_TARGET = 14.4;
				MTL_ENABLE_DEBUG_INFO = INCLUDE_SOURCE;
				MTL_FAST_MATH = YES;
				ONLY_ACTIVE_ARCH = YES;
				SDKROOT = iphoneos;
				SWIFT_ACTIVE_COMPILATION_CONDITIONS = DEBUG;
				SWIFT_OPTIMIZATION_LEVEL = "-Onone";
			};
			name = Debug;
		};
		2A146DE82639FACE0013A244 /* Release */ = {
			isa = XCBuildConfiguration;
			buildSettings = {
				ALWAYS_SEARCH_USER_PATHS = NO;
				CLANG_ANALYZER_NONNULL = YES;
				CLANG_ANALYZER_NUMBER_OBJECT_CONVERSION = YES_AGGRESSIVE;
				CLANG_CXX_LANGUAGE_STANDARD = "gnu++14";
				CLANG_CXX_LIBRARY = "libc++";
				CLANG_ENABLE_MODULES = YES;
				CLANG_ENABLE_OBJC_ARC = YES;
				CLANG_ENABLE_OBJC_WEAK = YES;
				CLANG_WARN_BLOCK_CAPTURE_AUTORELEASING = YES;
				CLANG_WARN_BOOL_CONVERSION = YES;
				CLANG_WARN_COMMA = YES;
				CLANG_WARN_CONSTANT_CONVERSION = YES;
				CLANG_WARN_DEPRECATED_OBJC_IMPLEMENTATIONS = YES;
				CLANG_WARN_DIRECT_OBJC_ISA_USAGE = YES_ERROR;
				CLANG_WARN_DOCUMENTATION_COMMENTS = YES;
				CLANG_WARN_EMPTY_BODY = YES;
				CLANG_WARN_ENUM_CONVERSION = YES;
				CLANG_WARN_INFINITE_RECURSION = YES;
				CLANG_WARN_INT_CONVERSION = YES;
				CLANG_WARN_NON_LITERAL_NULL_CONVERSION = YES;
				CLANG_WARN_OBJC_IMPLICIT_RETAIN_SELF = YES;
				CLANG_WARN_OBJC_LITERAL_CONVERSION = YES;
				CLANG_WARN_OBJC_ROOT_CLASS = YES_ERROR;
				CLANG_WARN_QUOTED_INCLUDE_IN_FRAMEWORK_HEADER = YES;
				CLANG_WARN_RANGE_LOOP_ANALYSIS = YES;
				CLANG_WARN_STRICT_PROTOTYPES = YES;
				CLANG_WARN_SUSPICIOUS_MOVE = YES;
				CLANG_WARN_UNGUARDED_AVAILABILITY = YES_AGGRESSIVE;
				CLANG_WARN_UNREACHABLE_CODE = YES;
				CLANG_WARN__DUPLICATE_METHOD_MATCH = YES;
				COPY_PHASE_STRIP = NO;
				DEBUG_INFORMATION_FORMAT = "dwarf-with-dsym";
				ENABLE_NS_ASSERTIONS = NO;
				ENABLE_STRICT_OBJC_MSGSEND = YES;
				GCC_C_LANGUAGE_STANDARD = gnu11;
				GCC_NO_COMMON_BLOCKS = YES;
				GCC_WARN_64_TO_32_BIT_CONVERSION = YES;
				GCC_WARN_ABOUT_RETURN_TYPE = YES_ERROR;
				GCC_WARN_UNDECLARED_SELECTOR = YES;
				GCC_WARN_UNINITIALIZED_AUTOS = YES_AGGRESSIVE;
				GCC_WARN_UNUSED_FUNCTION = YES;
				GCC_WARN_UNUSED_VARIABLE = YES;
				IPHONEOS_DEPLOYMENT_TARGET = 14.4;
				MTL_ENABLE_DEBUG_INFO = NO;
				MTL_FAST_MATH = YES;
				SDKROOT = iphoneos;
				SWIFT_COMPILATION_MODE = wholemodule;
				SWIFT_OPTIMIZATION_LEVEL = "-O";
				VALIDATE_PRODUCT = YES;
			};
			name = Release;
		};
		2A146DEA2639FACE0013A244 /* Debug */ = {
			isa = XCBuildConfiguration;
			buildSettings = {
				ASSETCATALOG_COMPILER_APPICON_NAME = AppIcon;
				ASSETCATALOG_COMPILER_GLOBAL_ACCENT_COLOR_NAME = AccentColor;
				CODE_SIGN_STYLE = Automatic;
				INFOPLIST_FILE = buttons2/Info.plist;
				LD_RUNPATH_SEARCH_PATHS = (
					"$(inherited)",
					"@executable_path/Frameworks",
				);
				PRODUCT_BUNDLE_IDENTIFIER = kelseycreehan.buttons2;
				PRODUCT_NAME = "$(TARGET_NAME)";
				SWIFT_VERSION = 5.0;
				TARGETED_DEVICE_FAMILY = "1,2";
			};
			name = Debug;
		};
		2A146DEB2639FACE0013A244 /* Release */ = {
			isa = XCBuildConfiguration;
			buildSettings = {
				ASSETCATALOG_COMPILER_APPICON_NAME = AppIcon;
				ASSETCATALOG_COMPILER_GLOBAL_ACCENT_COLOR_NAME = AccentColor;
				CODE_SIGN_STYLE = Automatic;
				INFOPLIST_FILE = buttons2/Info.plist;
				LD_RUNPATH_SEARCH_PATHS = (
					"$(inherited)",
					"@executable_path/Frameworks",
				);
				PRODUCT_BUNDLE_IDENTIFIER = kelseycreehan.buttons2;
				PRODUCT_NAME = "$(TARGET_NAME)";
				SWIFT_VERSION = 5.0;
				TARGETED_DEVICE_FAMILY = "1,2";
			};
			name = Release;
		};
		2A146DED2639FACE0013A244 /* Debug */ = {
			isa = XCBuildConfiguration;
			buildSettings = {
				ALWAYS_EMBED_SWIFT_STANDARD_LIBRARIES = YES;
				BUNDLE_LOADER = "$(TEST_HOST)";
				CODE_SIGN_STYLE = Automatic;
				INFOPLIST_FILE = buttons2Tests/Info.plist;
				IPHONEOS_DEPLOYMENT_TARGET = 14.4;
				LD_RUNPATH_SEARCH_PATHS = (
					"$(inherited)",
					"@executable_path/Frameworks",
					"@loader_path/Frameworks",
				);
				PRODUCT_BUNDLE_IDENTIFIER = kelseycreehan.buttons2Tests;
				PRODUCT_NAME = "$(TARGET_NAME)";
				SWIFT_VERSION = 5.0;
				TARGETED_DEVICE_FAMILY = "1,2";
				TEST_HOST = "$(BUILT_PRODUCTS_DIR)/buttons2.app/buttons2";
			};
			name = Debug;
		};
		2A146DEE2639FACE0013A244 /* Release */ = {
			isa = XCBuildConfiguration;
			buildSettings = {
				ALWAYS_EMBED_SWIFT_STANDARD_LIBRARIES = YES;
				BUNDLE_LOADER = "$(TEST_HOST)";
				CODE_SIGN_STYLE = Automatic;
				INFOPLIST_FILE = buttons2Tests/Info.plist;
				IPHONEOS_DEPLOYMENT_TARGET = 14.4;
				LD_RUNPATH_SEARCH_PATHS = (
					"$(inherited)",
					"@executable_path/Frameworks",
					"@loader_path/Frameworks",
				);
				PRODUCT_BUNDLE_IDENTIFIER = kelseycreehan.buttons2Tests;
				PRODUCT_NAME = "$(TARGET_NAME)";
				SWIFT_VERSION = 5.0;
				TARGETED_DEVICE_FAMILY = "1,2";
				TEST_HOST = "$(BUILT_PRODUCTS_DIR)/buttons2.app/buttons2";
			};
			name = Release;
		};
		2A146DF02639FACE0013A244 /* Debug */ = {
			isa = XCBuildConfiguration;
			buildSettings = {
				ALWAYS_EMBED_SWIFT_STANDARD_LIBRARIES = YES;
				CODE_SIGN_STYLE = Automatic;
				INFOPLIST_FILE = buttons2UITests/Info.plist;
				LD_RUNPATH_SEARCH_PATHS = (
					"$(inherited)",
					"@executable_path/Frameworks",
					"@loader_path/Frameworks",
				);
				PRODUCT_BUNDLE_IDENTIFIER = kelseycreehan.buttons2UITests;
				PRODUCT_NAME = "$(TARGET_NAME)";
				SWIFT_VERSION = 5.0;
				TARGETED_DEVICE_FAMILY = "1,2";
				TEST_TARGET_NAME = buttons2;
			};
			name = Debug;
		};
		2A146DF12639FACE0013A244 /* Release */ = {
			isa = XCBuildConfiguration;
			buildSettings = {
				ALWAYS_EMBED_SWIFT_STANDARD_LIBRARIES = YES;
				CODE_SIGN_STYLE = Automatic;
				INFOPLIST_FILE = buttons2UITests/Info.plist;
				LD_RUNPATH_SEARCH_PATHS = (
					"$(inherited)",
					"@executable_path/Frameworks",
					"@loader_path/Frameworks",
				);
				PRODUCT_BUNDLE_IDENTIFIER = kelseycreehan.buttons2UITests;
				PRODUCT_NAME = "$(TARGET_NAME)";
				SWIFT_VERSION = 5.0;
				TARGETED_DEVICE_FAMILY = "1,2";
				TEST_TARGET_NAME = buttons2;
			};
			name = Release;
		};
/* End XCBuildConfiguration section */

/* Begin XCConfigurationList section */
		2A146DBA2639FACD0013A244 /* Build configuration list for PBXProject "buttons2" */ = {
			isa = XCConfigurationList;
			buildConfigurations = (
				2A146DE72639FACE0013A244 /* Debug */,
				2A146DE82639FACE0013A244 /* Release */,
			);
			defaultConfigurationIsVisible = 0;
			defaultConfigurationName = Release;
		};
		2A146DE92639FACE0013A244 /* Build configuration list for PBXNativeTarget "buttons2" */ = {
			isa = XCConfigurationList;
			buildConfigurations = (
				2A146DEA2639FACE0013A244 /* Debug */,
				2A146DEB2639FACE0013A244 /* Release */,
			);
			defaultConfigurationIsVisible = 0;
			defaultConfigurationName = Release;
		};
		2A146DEC2639FACE0013A244 /* Build configuration list for PBXNativeTarget "buttons2Tests" */ = {
			isa = XCConfigurationList;
			buildConfigurations = (
				2A146DED2639FACE0013A244 /* Debug */,
				2A146DEE2639FACE0013A244 /* Release */,
			);
			defaultConfigurationIsVisible = 0;
			defaultConfigurationName = Release;
		};
		2A146DEF2639FACE0013A244 /* Build configuration list for PBXNativeTarget "buttons2UITests" */ = {
			isa = XCConfigurationList;
			buildConfigurations = (
				2A146DF02639FACE0013A244 /* Debug */,
				2A146DF12639FACE0013A244 /* Release */,
			);
			defaultConfigurationIsVisible = 0;
			defaultConfigurationName = Release;
		};
/* End XCConfigurationList section */
	};
	rootObject = 2A146DB72639FACD0013A244 /* Project object */;
}
